// !$*UTF8*$!
{
	archiveVersion = 1;
	classes = {
	};
	objectVersion = 56;
	objects = {

/* Begin PBXBuildFile section */
		03A62873295AA6AA00167DB5 /* big_project_c_admin_ipadosApp.swift in Sources */ = {isa = PBXBuildFile; fileRef = 03A62872295AA6AA00167DB5 /* big_project_c_admin_ipadosApp.swift */; };
		03A62875295AA6AA00167DB5 /* ContentView.swift in Sources */ = {isa = PBXBuildFile; fileRef = 03A62874295AA6AA00167DB5 /* ContentView.swift */; };
		03A62877295AA6AB00167DB5 /* Assets.xcassets in Resources */ = {isa = PBXBuildFile; fileRef = 03A62876295AA6AB00167DB5 /* Assets.xcassets */; };
		03A6287A295AA6AB00167DB5 /* Preview Assets.xcassets in Resources */ = {isa = PBXBuildFile; fileRef = 03A62879295AA6AB00167DB5 /* Preview Assets.xcassets */; };
		03A62881295AA6BC00167DB5 /* GoogleService-Info.plist in Resources */ = {isa = PBXBuildFile; fileRef = 03A62880295AA6BC00167DB5 /* GoogleService-Info.plist */; };
		03A62884295AA7D800167DB5 /* FirebaseAuth in Frameworks */ = {isa = PBXBuildFile; productRef = 03A62883295AA7D800167DB5 /* FirebaseAuth */; };
		03A62886295AA7D800167DB5 /* FirebaseFirestore in Frameworks */ = {isa = PBXBuildFile; productRef = 03A62885295AA7D800167DB5 /* FirebaseFirestore */; };
		03A62888295AA7D800167DB5 /* FirebaseFirestoreSwift in Frameworks */ = {isa = PBXBuildFile; productRef = 03A62887295AA7D800167DB5 /* FirebaseFirestoreSwift */; };
		03A6288D295AA95500167DB5 /* LoginView.swift in Sources */ = {isa = PBXBuildFile; fileRef = 03A6288C295AA95500167DB5 /* LoginView.swift */; };
		03A6288F295AA96700167DB5 /* GeneralView.swift in Sources */ = {isa = PBXBuildFile; fileRef = 03A6288E295AA96700167DB5 /* GeneralView.swift */; };
		03A62892295AA98600167DB5 /* AddSession.swift in Sources */ = {isa = PBXBuildFile; fileRef = 03A62891295AA98600167DB5 /* AddSession.swift */; };
		03A62894295AA9C400167DB5 /* SessionDetailView.swift in Sources */ = {isa = PBXBuildFile; fileRef = 03A62893295AA9C400167DB5 /* SessionDetailView.swift */; };
		A5878534295ACDDA004F1BF2 /* LoginViewModel.swift in Sources */ = {isa = PBXBuildFile; fileRef = A5878533295ACDDA004F1BF2 /* LoginViewModel.swift */; };
/* End PBXBuildFile section */

/* Begin PBXFileReference section */
		03A6286F295AA6AA00167DB5 /* big_project_c_admin_ipados.app */ = {isa = PBXFileReference; explicitFileType = wrapper.application; includeInIndex = 0; path = big_project_c_admin_ipados.app; sourceTree = BUILT_PRODUCTS_DIR; };
		03A62872295AA6AA00167DB5 /* big_project_c_admin_ipadosApp.swift */ = {isa = PBXFileReference; lastKnownFileType = sourcecode.swift; path = big_project_c_admin_ipadosApp.swift; sourceTree = "<group>"; };
		03A62874295AA6AA00167DB5 /* ContentView.swift */ = {isa = PBXFileReference; lastKnownFileType = sourcecode.swift; path = ContentView.swift; sourceTree = "<group>"; };
		03A62876295AA6AB00167DB5 /* Assets.xcassets */ = {isa = PBXFileReference; lastKnownFileType = folder.assetcatalog; path = Assets.xcassets; sourceTree = "<group>"; };
		03A62879295AA6AB00167DB5 /* Preview Assets.xcassets */ = {isa = PBXFileReference; lastKnownFileType = folder.assetcatalog; path = "Preview Assets.xcassets"; sourceTree = "<group>"; };
		03A62880295AA6BC00167DB5 /* GoogleService-Info.plist */ = {isa = PBXFileReference; fileEncoding = 4; lastKnownFileType = text.plist.xml; path = "GoogleService-Info.plist"; sourceTree = "<group>"; };
		03A6288C295AA95500167DB5 /* LoginView.swift */ = {isa = PBXFileReference; lastKnownFileType = sourcecode.swift; path = LoginView.swift; sourceTree = "<group>"; };
		03A6288E295AA96700167DB5 /* GeneralView.swift */ = {isa = PBXFileReference; lastKnownFileType = sourcecode.swift; path = GeneralView.swift; sourceTree = "<group>"; };
		03A62891295AA98600167DB5 /* AddSession.swift */ = {isa = PBXFileReference; lastKnownFileType = sourcecode.swift; path = AddSession.swift; sourceTree = "<group>"; };
		03A62893295AA9C400167DB5 /* SessionDetailView.swift */ = {isa = PBXFileReference; lastKnownFileType = sourcecode.swift; path = SessionDetailView.swift; sourceTree = "<group>"; };
		A5878533295ACDDA004F1BF2 /* LoginViewModel.swift */ = {isa = PBXFileReference; lastKnownFileType = sourcecode.swift; path = LoginViewModel.swift; sourceTree = "<group>"; };
/* End PBXFileReference section */

/* Begin PBXFrameworksBuildPhase section */
		03A6286C295AA6AA00167DB5 /* Frameworks */ = {
			isa = PBXFrameworksBuildPhase;
			buildActionMask = 2147483647;
			files = (
				03A62884295AA7D800167DB5 /* FirebaseAuth in Frameworks */,
				03A62886295AA7D800167DB5 /* FirebaseFirestore in Frameworks */,
				03A62888295AA7D800167DB5 /* FirebaseFirestoreSwift in Frameworks */,
			);
			runOnlyForDeploymentPostprocessing = 0;
		};
/* End PBXFrameworksBuildPhase section */

/* Begin PBXGroup section */
		03A62866295AA6AA00167DB5 = {
			isa = PBXGroup;
			children = (
				03A62871295AA6AA00167DB5 /* big_project_c_admin_ipados */,
				03A62870295AA6AA00167DB5 /* Products */,
			);
			sourceTree = "<group>";
		};
		03A62870295AA6AA00167DB5 /* Products */ = {
			isa = PBXGroup;
			children = (
				03A6286F295AA6AA00167DB5 /* big_project_c_admin_ipados.app */,
			);
			name = Products;
			sourceTree = "<group>";
		};
		03A62871295AA6AA00167DB5 /* big_project_c_admin_ipados */ = {
			isa = PBXGroup;
			children = (
				03A62872295AA6AA00167DB5 /* big_project_c_admin_ipadosApp.swift */,
				03A62874295AA6AA00167DB5 /* ContentView.swift */,
				A595FB2A295AB55A00642C83 /* Model */,
				03A62889295AA8B100167DB5 /* View */,
				A595FB2B295AB56500642C83 /* ViewModel */,
				03A62880295AA6BC00167DB5 /* GoogleService-Info.plist */,
				03A62876295AA6AB00167DB5 /* Assets.xcassets */,
				03A62878295AA6AB00167DB5 /* Preview Content */,
			);
			path = big_project_c_admin_ipados;
			sourceTree = "<group>";
		};
		03A62878295AA6AB00167DB5 /* Preview Content */ = {
			isa = PBXGroup;
			children = (
				03A62879295AA6AB00167DB5 /* Preview Assets.xcassets */,
			);
			path = "Preview Content";
			sourceTree = "<group>";
		};
		03A62889295AA8B100167DB5 /* View */ = {
			isa = PBXGroup;
			children = (
				03A6288C295AA95500167DB5 /* LoginView.swift */,
				03A62891295AA98600167DB5 /* AddSession.swift */,
				03A6288E295AA96700167DB5 /* GeneralView.swift */,
				03A62893295AA9C400167DB5 /* SessionDetailView.swift */,
			);
			path = View;
			sourceTree = "<group>";
		};
		A595FB2A295AB55A00642C83 /* Model */ = {
			isa = PBXGroup;
			children = (
			);
			path = Model;
			sourceTree = "<group>";
		};
		A595FB2B295AB56500642C83 /* ViewModel */ = {
			isa = PBXGroup;
			children = (
				A5878533295ACDDA004F1BF2 /* LoginViewModel.swift */,
			);
			path = ViewModel;
			sourceTree = "<group>";
		};
/* End PBXGroup section */

/* Begin PBXNativeTarget section */
		03A6286E295AA6AA00167DB5 /* big_project_c_admin_ipados */ = {
			isa = PBXNativeTarget;
			buildConfigurationList = 03A6287D295AA6AB00167DB5 /* Build configuration list for PBXNativeTarget "big_project_c_admin_ipados" */;
			buildPhases = (
				03A6286B295AA6AA00167DB5 /* Sources */,
				03A6286C295AA6AA00167DB5 /* Frameworks */,
				03A6286D295AA6AA00167DB5 /* Resources */,
			);
			buildRules = (
			);
			dependencies = (
			);
			name = big_project_c_admin_ipados;
			packageProductDependencies = (
				03A62883295AA7D800167DB5 /* FirebaseAuth */,
				03A62885295AA7D800167DB5 /* FirebaseFirestore */,
				03A62887295AA7D800167DB5 /* FirebaseFirestoreSwift */,
			);
			productName = "big-project-c-admin-ipados";
			productReference = 03A6286F295AA6AA00167DB5 /* big_project_c_admin_ipados.app */;
			productType = "com.apple.product-type.application";
		};
/* End PBXNativeTarget section */

/* Begin PBXProject section */
		03A62867295AA6AA00167DB5 /* Project object */ = {
			isa = PBXProject;
			attributes = {
				BuildIndependentTargetsInParallel = 1;
				LastSwiftUpdateCheck = 1420;
				LastUpgradeCheck = 1420;
				TargetAttributes = {
					03A6286E295AA6AA00167DB5 = {
						CreatedOnToolsVersion = 14.2;
					};
				};
			};
			buildConfigurationList = 03A6286A295AA6AA00167DB5 /* Build configuration list for PBXProject "big_project_c_admin_ipados" */;
			compatibilityVersion = "Xcode 14.0";
			developmentRegion = en;
			hasScannedForEncodings = 0;
			knownRegions = (
				en,
				Base,
			);
			mainGroup = 03A62866295AA6AA00167DB5;
			packageReferences = (
				03A62882295AA7D800167DB5 /* XCRemoteSwiftPackageReference "firebase-ios-sdk" */,
			);
			productRefGroup = 03A62870295AA6AA00167DB5 /* Products */;
			projectDirPath = "";
			projectRoot = "";
			targets = (
				03A6286E295AA6AA00167DB5 /* big_project_c_admin_ipados */,
			);
		};
/* End PBXProject section */

/* Begin PBXResourcesBuildPhase section */
		03A6286D295AA6AA00167DB5 /* Resources */ = {
			isa = PBXResourcesBuildPhase;
			buildActionMask = 2147483647;
			files = (
				03A6287A295AA6AB00167DB5 /* Preview Assets.xcassets in Resources */,
				03A62877295AA6AB00167DB5 /* Assets.xcassets in Resources */,
				03A62881295AA6BC00167DB5 /* GoogleService-Info.plist in Resources */,
			);
			runOnlyForDeploymentPostprocessing = 0;
		};
/* End PBXResourcesBuildPhase section */

/* Begin PBXSourcesBuildPhase section */
		03A6286B295AA6AA00167DB5 /* Sources */ = {
			isa = PBXSourcesBuildPhase;
			buildActionMask = 2147483647;
			files = (
				03A6288D295AA95500167DB5 /* LoginView.swift in Sources */,
				03A62892295AA98600167DB5 /* AddSession.swift in Sources */,
				03A6288F295AA96700167DB5 /* GeneralView.swift in Sources */,
				03A62875295AA6AA00167DB5 /* ContentView.swift in Sources */,
				03A62894295AA9C400167DB5 /* SessionDetailView.swift in Sources */,
				03A62873295AA6AA00167DB5 /* big_project_c_admin_ipadosApp.swift in Sources */,
				A5878534295ACDDA004F1BF2 /* LoginViewModel.swift in Sources */,
			);
			runOnlyForDeploymentPostprocessing = 0;
		};
/* End PBXSourcesBuildPhase section */

/* Begin XCBuildConfiguration section */
		03A6287B295AA6AB00167DB5 /* Debug */ = {
			isa = XCBuildConfiguration;
			buildSettings = {
				ALWAYS_SEARCH_USER_PATHS = NO;
				CLANG_ANALYZER_NONNULL = YES;
				CLANG_ANALYZER_NUMBER_OBJECT_CONVERSION = YES_AGGRESSIVE;
				CLANG_CXX_LANGUAGE_STANDARD = "gnu++20";
				CLANG_ENABLE_MODULES = YES;
				CLANG_ENABLE_OBJC_ARC = YES;
				CLANG_ENABLE_OBJC_WEAK = YES;
				CLANG_WARN_BLOCK_CAPTURE_AUTORELEASING = YES;
				CLANG_WARN_BOOL_CONVERSION = YES;
				CLANG_WARN_COMMA = YES;
				CLANG_WARN_CONSTANT_CONVERSION = YES;
				CLANG_WARN_DEPRECATED_OBJC_IMPLEMENTATIONS = YES;
				CLANG_WARN_DIRECT_OBJC_ISA_USAGE = YES_ERROR;
				CLANG_WARN_DOCUMENTATION_COMMENTS = YES;
				CLANG_WARN_EMPTY_BODY = YES;
				CLANG_WARN_ENUM_CONVERSION = YES;
				CLANG_WARN_INFINITE_RECURSION = YES;
				CLANG_WARN_INT_CONVERSION = YES;
				CLANG_WARN_NON_LITERAL_NULL_CONVERSION = YES;
				CLANG_WARN_OBJC_IMPLICIT_RETAIN_SELF = YES;
				CLANG_WARN_OBJC_LITERAL_CONVERSION = YES;
				CLANG_WARN_OBJC_ROOT_CLASS = YES_ERROR;
				CLANG_WARN_QUOTED_INCLUDE_IN_FRAMEWORK_HEADER = YES;
				CLANG_WARN_RANGE_LOOP_ANALYSIS = YES;
				CLANG_WARN_STRICT_PROTOTYPES = YES;
				CLANG_WARN_SUSPICIOUS_MOVE = YES;
				CLANG_WARN_UNGUARDED_AVAILABILITY = YES_AGGRESSIVE;
				CLANG_WARN_UNREACHABLE_CODE = YES;
				CLANG_WARN__DUPLICATE_METHOD_MATCH = YES;
				COPY_PHASE_STRIP = NO;
				DEBUG_INFORMATION_FORMAT = dwarf;
				ENABLE_STRICT_OBJC_MSGSEND = YES;
				ENABLE_TESTABILITY = YES;
				GCC_C_LANGUAGE_STANDARD = gnu11;
				GCC_DYNAMIC_NO_PIC = NO;
				GCC_NO_COMMON_BLOCKS = YES;
				GCC_OPTIMIZATION_LEVEL = 0;
				GCC_PREPROCESSOR_DEFINITIONS = (
					"DEBUG=1",
					"$(inherited)",
				);
				GCC_WARN_64_TO_32_BIT_CONVERSION = YES;
				GCC_WARN_ABOUT_RETURN_TYPE = YES_ERROR;
				GCC_WARN_UNDECLARED_SELECTOR = YES;
				GCC_WARN_UNINITIALIZED_AUTOS = YES_AGGRESSIVE;
				GCC_WARN_UNUSED_FUNCTION = YES;
				GCC_WARN_UNUSED_VARIABLE = YES;
				IPHONEOS_DEPLOYMENT_TARGET = 16.2;
				MTL_ENABLE_DEBUG_INFO = INCLUDE_SOURCE;
				MTL_FAST_MATH = YES;
				ONLY_ACTIVE_ARCH = YES;
				SDKROOT = iphoneos;
				SWIFT_ACTIVE_COMPILATION_CONDITIONS = DEBUG;
				SWIFT_OPTIMIZATION_LEVEL = "-Onone";
			};
			name = Debug;
		};
		03A6287C295AA6AB00167DB5 /* Release */ = {
			isa = XCBuildConfiguration;
			buildSettings = {
				ALWAYS_SEARCH_USER_PATHS = NO;
				CLANG_ANALYZER_NONNULL = YES;
				CLANG_ANALYZER_NUMBER_OBJECT_CONVERSION = YES_AGGRESSIVE;
				CLANG_CXX_LANGUAGE_STANDARD = "gnu++20";
				CLANG_ENABLE_MODULES = YES;
				CLANG_ENABLE_OBJC_ARC = YES;
				CLANG_ENABLE_OBJC_WEAK = YES;
				CLANG_WARN_BLOCK_CAPTURE_AUTORELEASING = YES;
				CLANG_WARN_BOOL_CONVERSION = YES;
				CLANG_WARN_COMMA = YES;
				CLANG_WARN_CONSTANT_CONVERSION = YES;
				CLANG_WARN_DEPRECATED_OBJC_IMPLEMENTATIONS = YES;
				CLANG_WARN_DIRECT_OBJC_ISA_USAGE = YES_ERROR;
				CLANG_WARN_DOCUMENTATION_COMMENTS = YES;
				CLANG_WARN_EMPTY_BODY = YES;
				CLANG_WARN_ENUM_CONVERSION = YES;
				CLANG_WARN_INFINITE_RECURSION = YES;
				CLANG_WARN_INT_CONVERSION = YES;
				CLANG_WARN_NON_LITERAL_NULL_CONVERSION = YES;
				CLANG_WARN_OBJC_IMPLICIT_RETAIN_SELF = YES;
				CLANG_WARN_OBJC_LITERAL_CONVERSION = YES;
				CLANG_WARN_OBJC_ROOT_CLASS = YES_ERROR;
				CLANG_WARN_QUOTED_INCLUDE_IN_FRAMEWORK_HEADER = YES;
				CLANG_WARN_RANGE_LOOP_ANALYSIS = YES;
				CLANG_WARN_STRICT_PROTOTYPES = YES;
				CLANG_WARN_SUSPICIOUS_MOVE = YES;
				CLANG_WARN_UNGUARDED_AVAILABILITY = YES_AGGRESSIVE;
				CLANG_WARN_UNREACHABLE_CODE = YES;
				CLANG_WARN__DUPLICATE_METHOD_MATCH = YES;
				COPY_PHASE_STRIP = NO;
				DEBUG_INFORMATION_FORMAT = "dwarf-with-dsym";
				ENABLE_NS_ASSERTIONS = NO;
				ENABLE_STRICT_OBJC_MSGSEND = YES;
				GCC_C_LANGUAGE_STANDARD = gnu11;
				GCC_NO_COMMON_BLOCKS = YES;
				GCC_WARN_64_TO_32_BIT_CONVERSION = YES;
				GCC_WARN_ABOUT_RETURN_TYPE = YES_ERROR;
				GCC_WARN_UNDECLARED_SELECTOR = YES;
				GCC_WARN_UNINITIALIZED_AUTOS = YES_AGGRESSIVE;
				GCC_WARN_UNUSED_FUNCTION = YES;
				GCC_WARN_UNUSED_VARIABLE = YES;
				IPHONEOS_DEPLOYMENT_TARGET = 16.2;
				MTL_ENABLE_DEBUG_INFO = NO;
				MTL_FAST_MATH = YES;
				SDKROOT = iphoneos;
				SWIFT_COMPILATION_MODE = wholemodule;
				SWIFT_OPTIMIZATION_LEVEL = "-O";
				VALIDATE_PRODUCT = YES;
			};
			name = Release;
		};
		03A6287E295AA6AB00167DB5 /* Debug */ = {
			isa = XCBuildConfiguration;
			buildSettings = {
				ASSETCATALOG_COMPILER_APPICON_NAME = AppIcon;
				ASSETCATALOG_COMPILER_GLOBAL_ACCENT_COLOR_NAME = AccentColor;
				CODE_SIGN_STYLE = Automatic;
				CURRENT_PROJECT_VERSION = 1;
				DEVELOPMENT_ASSET_PATHS = "\"big_project_c_admin_ipados/Preview Content\"";
				ENABLE_PREVIEWS = YES;
				GENERATE_INFOPLIST_FILE = YES;
				INFOPLIST_KEY_UIApplicationSceneManifest_Generation = YES;
				INFOPLIST_KEY_UIApplicationSupportsIndirectInputEvents = YES;
				INFOPLIST_KEY_UILaunchScreen_Generation = YES;
				INFOPLIST_KEY_UISupportedInterfaceOrientations_iPad = "UIInterfaceOrientationPortrait UIInterfaceOrientationPortraitUpsideDown UIInterfaceOrientationLandscapeLeft UIInterfaceOrientationLandscapeRight";
				INFOPLIST_KEY_UISupportedInterfaceOrientations_iPhone = "UIInterfaceOrientationPortrait UIInterfaceOrientationLandscapeLeft UIInterfaceOrientationLandscapeRight";
				IPHONEOS_DEPLOYMENT_TARGET = 16.0;
				LD_RUNPATH_SEARCH_PATHS = (
					"$(inherited)",
					"@executable_path/Frameworks",
				);
				MARKETING_VERSION = 1.0;
				PRODUCT_BUNDLE_IDENTIFIER = "com.codelion.big-project-c-admin-ipados";
				PRODUCT_NAME = "$(TARGET_NAME)";
				SUPPORTED_PLATFORMS = "iphoneos iphonesimulator";
				SUPPORTS_MACCATALYST = NO;
				SUPPORTS_MAC_DESIGNED_FOR_IPHONE_IPAD = NO;
				SWIFT_EMIT_LOC_STRINGS = YES;
				SWIFT_VERSION = 5.0;
				TARGETED_DEVICE_FAMILY = 2;
			};
			name = Debug;
		};
		03A6287F295AA6AB00167DB5 /* Release */ = {
			isa = XCBuildConfiguration;
			buildSettings = {
				ASSETCATALOG_COMPILER_APPICON_NAME = AppIcon;
				ASSETCATALOG_COMPILER_GLOBAL_ACCENT_COLOR_NAME = AccentColor;
				CODE_SIGN_STYLE = Automatic;
				CURRENT_PROJECT_VERSION = 1;
				DEVELOPMENT_ASSET_PATHS = "\"big_project_c_admin_ipados/Preview Content\"";
				ENABLE_PREVIEWS = YES;
				GENERATE_INFOPLIST_FILE = YES;
				INFOPLIST_KEY_UIApplicationSceneManifest_Generation = YES;
				INFOPLIST_KEY_UIApplicationSupportsIndirectInputEvents = YES;
				INFOPLIST_KEY_UILaunchScreen_Generation = YES;
				INFOPLIST_KEY_UISupportedInterfaceOrientations_iPad = "UIInterfaceOrientationPortrait UIInterfaceOrientationPortraitUpsideDown UIInterfaceOrientationLandscapeLeft UIInterfaceOrientationLandscapeRight";
				INFOPLIST_KEY_UISupportedInterfaceOrientations_iPhone = "UIInterfaceOrientationPortrait UIInterfaceOrientationLandscapeLeft UIInterfaceOrientationLandscapeRight";
				IPHONEOS_DEPLOYMENT_TARGET = 16.0;
				LD_RUNPATH_SEARCH_PATHS = (
					"$(inherited)",
					"@executable_path/Frameworks",
				);
				MARKETING_VERSION = 1.0;
				PRODUCT_BUNDLE_IDENTIFIER = "com.codelion.big-project-c-admin-ipados";
				PRODUCT_NAME = "$(TARGET_NAME)";
				SUPPORTED_PLATFORMS = "iphoneos iphonesimulator";
				SUPPORTS_MACCATALYST = NO;
				SUPPORTS_MAC_DESIGNED_FOR_IPHONE_IPAD = NO;
				SWIFT_EMIT_LOC_STRINGS = YES;
				SWIFT_VERSION = 5.0;
				TARGETED_DEVICE_FAMILY = 2;
			};
			name = Release;
		};
/* End XCBuildConfiguration section */

/* Begin XCConfigurationList section */
		03A6286A295AA6AA00167DB5 /* Build configuration list for PBXProject "big_project_c_admin_ipados" */ = {
			isa = XCConfigurationList;
			buildConfigurations = (
				03A6287B295AA6AB00167DB5 /* Debug */,
				03A6287C295AA6AB00167DB5 /* Release */,
			);
			defaultConfigurationIsVisible = 0;
			defaultConfigurationName = Release;
		};
		03A6287D295AA6AB00167DB5 /* Build configuration list for PBXNativeTarget "big_project_c_admin_ipados" */ = {
			isa = XCConfigurationList;
			buildConfigurations = (
				03A6287E295AA6AB00167DB5 /* Debug */,
				03A6287F295AA6AB00167DB5 /* Release */,
			);
			defaultConfigurationIsVisible = 0;
			defaultConfigurationName = Release;
		};
/* End XCConfigurationList section */

/* Begin XCRemoteSwiftPackageReference section */
		03A62882295AA7D800167DB5 /* XCRemoteSwiftPackageReference "firebase-ios-sdk" */ = {
			isa = XCRemoteSwiftPackageReference;
			repositoryURL = "https://github.com/firebase/firebase-ios-sdk.git";
			requirement = {
				kind = upToNextMajorVersion;
				minimumVersion = 9.0.0;
			};
		};
/* End XCRemoteSwiftPackageReference section */

/* Begin XCSwiftPackageProductDependency section */
		03A62883295AA7D800167DB5 /* FirebaseAuth */ = {
			isa = XCSwiftPackageProductDependency;
			package = 03A62882295AA7D800167DB5 /* XCRemoteSwiftPackageReference "firebase-ios-sdk" */;
			productName = FirebaseAuth;
		};
		03A62885295AA7D800167DB5 /* FirebaseFirestore */ = {
			isa = XCSwiftPackageProductDependency;
			package = 03A62882295AA7D800167DB5 /* XCRemoteSwiftPackageReference "firebase-ios-sdk" */;
			productName = FirebaseFirestore;
		};
		03A62887295AA7D800167DB5 /* FirebaseFirestoreSwift */ = {
			isa = XCSwiftPackageProductDependency;
			package = 03A62882295AA7D800167DB5 /* XCRemoteSwiftPackageReference "firebase-ios-sdk" */;
			productName = FirebaseFirestoreSwift;
		};
/* End XCSwiftPackageProductDependency section */
	};
	rootObject = 03A62867295AA6AA00167DB5 /* Project object */;
}
